// !$*UTF8*$!
{
	archiveVersion = 1;
	classes = {
	};
	objectVersion = 48;
	objects = {

/* Begin PBXBuildFile section */
		5F0A86E620610A61001549B9 /* UIBarButtonItem_Extension.swift in Sources */ = {isa = PBXBuildFile; fileRef = 5F0A86E520610A61001549B9 /* UIBarButtonItem_Extension.swift */; };
		5F0A86E8206237E2001549B9 /* TitleView.swift in Sources */ = {isa = PBXBuildFile; fileRef = 5F0A86E7206237E2001549B9 /* TitleView.swift */; };
		5F0A86EB20623C19001549B9 /* Common.swift in Sources */ = {isa = PBXBuildFile; fileRef = 5F0A86EA20623C19001549B9 /* Common.swift */; };
		5F6936122062597E007E4DA3 /* UIColor_Extension.swift in Sources */ = {isa = PBXBuildFile; fileRef = 5F6936112062597E007E4DA3 /* UIColor_Extension.swift */; };
		5F69361420625A60007E4DA3 /* PageView.swift in Sources */ = {isa = PBXBuildFile; fileRef = 5F69361320625A60007E4DA3 /* PageView.swift */; };
		5FBF1F3B2060B1B400311155 /* AppDelegate.swift in Sources */ = {isa = PBXBuildFile; fileRef = 5FBF1F3A2060B1B400311155 /* AppDelegate.swift */; };
		5FBF1F402060B1B400311155 /* Main.storyboard in Resources */ = {isa = PBXBuildFile; fileRef = 5FBF1F3E2060B1B400311155 /* Main.storyboard */; };
		5FBF1F422060B1B400311155 /* Assets.xcassets in Resources */ = {isa = PBXBuildFile; fileRef = 5FBF1F412060B1B400311155 /* Assets.xcassets */; };
		5FBF1F452060B1B400311155 /* LaunchScreen.storyboard in Resources */ = {isa = PBXBuildFile; fileRef = 5FBF1F432060B1B400311155 /* LaunchScreen.storyboard */; };
		5FBF1F502060B1B400311155 /* DouYuTests.swift in Sources */ = {isa = PBXBuildFile; fileRef = 5FBF1F4F2060B1B400311155 /* DouYuTests.swift */; };
		5FBF1F5B2060B1B400311155 /* DouYuUITests.swift in Sources */ = {isa = PBXBuildFile; fileRef = 5FBF1F5A2060B1B400311155 /* DouYuUITests.swift */; };
		5FBF1F732060ECD600311155 /* Home.storyboard in Resources */ = {isa = PBXBuildFile; fileRef = 5FBF1F712060ECD600311155 /* Home.storyboard */; };
		5FBF1F762060ED0C00311155 /* Live.storyboard in Resources */ = {isa = PBXBuildFile; fileRef = 5FBF1F742060ED0C00311155 /* Live.storyboard */; };
		5FBF1F792060ED2500311155 /* Follow.storyboard in Resources */ = {isa = PBXBuildFile; fileRef = 5FBF1F772060ED2500311155 /* Follow.storyboard */; };
		5FBF1F7C2060ED3B00311155 /* Profile.storyboard in Resources */ = {isa = PBXBuildFile; fileRef = 5FBF1F7A2060ED3B00311155 /* Profile.storyboard */; };
		5FBF1F852060FB7A00311155 /* MainViewController.swift in Sources */ = {isa = PBXBuildFile; fileRef = 5FBF1F842060FB7A00311155 /* MainViewController.swift */; };
		5FBF1F932060FC4B00311155 /* HomeViewController.swift in Sources */ = {isa = PBXBuildFile; fileRef = 5FBF1F922060FC4A00311155 /* HomeViewController.swift */; };
		5FBF1F952060FC7E00311155 /* LiveViewController.swift in Sources */ = {isa = PBXBuildFile; fileRef = 5FBF1F942060FC7E00311155 /* LiveViewController.swift */; };
		5FBF1F972060FD0500311155 /* FollowViewController.swift in Sources */ = {isa = PBXBuildFile; fileRef = 5FBF1F962060FD0500311155 /* FollowViewController.swift */; };
		5FBF1F992060FD2700311155 /* ProfileViewController.swift in Sources */ = {isa = PBXBuildFile; fileRef = 5FBF1F982060FD2700311155 /* ProfileViewController.swift */; };
		6DD5D6ED52FD4D213B4839EC /* Pods_DouYuUITests.framework in Frameworks */ = {isa = PBXBuildFile; fileRef = F8509943228BE03797656F8D /* Pods_DouYuUITests.framework */; };
		70C1C110A184EB8ACE21D076 /* Pods_DouYuTests.framework in Frameworks */ = {isa = PBXBuildFile; fileRef = 8F73A82468267ABD4E0A7757 /* Pods_DouYuTests.framework */; };
		CF268DF9691EA14694CBA1AD /* Pods_DouYu.framework in Frameworks */ = {isa = PBXBuildFile; fileRef = 697F462B79FBB576F793E7F3 /* Pods_DouYu.framework */; };
/* End PBXBuildFile section */

/* Begin PBXContainerItemProxy section */
		5FBF1F4C2060B1B400311155 /* PBXContainerItemProxy */ = {
			isa = PBXContainerItemProxy;
			containerPortal = 5FBF1F2F2060B1B400311155 /* Project object */;
			proxyType = 1;
			remoteGlobalIDString = 5FBF1F362060B1B400311155;
			remoteInfo = DouYu;
		};
		5FBF1F572060B1B400311155 /* PBXContainerItemProxy */ = {
			isa = PBXContainerItemProxy;
			containerPortal = 5FBF1F2F2060B1B400311155 /* Project object */;
			proxyType = 1;
			remoteGlobalIDString = 5FBF1F362060B1B400311155;
			remoteInfo = DouYu;
		};
/* End PBXContainerItemProxy section */

/* Begin PBXFileReference section */
		0ABC2B407FA16B430EDF7F28 /* Pods-DouYuTests.debug.xcconfig */ = {isa = PBXFileReference; includeInIndex = 1; lastKnownFileType = text.xcconfig; name = "Pods-DouYuTests.debug.xcconfig"; path = "Pods/Target Support Files/Pods-DouYuTests/Pods-DouYuTests.debug.xcconfig"; sourceTree = "<group>"; };
		2212D17180F0D40439ABE6D3 /* Pods-DouYu.debug.xcconfig */ = {isa = PBXFileReference; includeInIndex = 1; lastKnownFileType = text.xcconfig; name = "Pods-DouYu.debug.xcconfig"; path = "Pods/Target Support Files/Pods-DouYu/Pods-DouYu.debug.xcconfig"; sourceTree = "<group>"; };
		440E2EB3D48D60235ED2853E /* Pods-DouYuTests.release.xcconfig */ = {isa = PBXFileReference; includeInIndex = 1; lastKnownFileType = text.xcconfig; name = "Pods-DouYuTests.release.xcconfig"; path = "Pods/Target Support Files/Pods-DouYuTests/Pods-DouYuTests.release.xcconfig"; sourceTree = "<group>"; };
		5F0A86E520610A61001549B9 /* UIBarButtonItem_Extension.swift */ = {isa = PBXFileReference; lastKnownFileType = sourcecode.swift; path = UIBarButtonItem_Extension.swift; sourceTree = "<group>"; };
		5F0A86E7206237E2001549B9 /* TitleView.swift */ = {isa = PBXFileReference; lastKnownFileType = sourcecode.swift; path = TitleView.swift; sourceTree = "<group>"; };
		5F0A86EA20623C19001549B9 /* Common.swift */ = {isa = PBXFileReference; lastKnownFileType = sourcecode.swift; path = Common.swift; sourceTree = "<group>"; };
		5F6936112062597E007E4DA3 /* UIColor_Extension.swift */ = {isa = PBXFileReference; lastKnownFileType = sourcecode.swift; path = UIColor_Extension.swift; sourceTree = "<group>"; };
		5F69361320625A60007E4DA3 /* PageView.swift */ = {isa = PBXFileReference; lastKnownFileType = sourcecode.swift; path = PageView.swift; sourceTree = "<group>"; };
		5FBF1F372060B1B400311155 /* DouYu.app */ = {isa = PBXFileReference; explicitFileType = wrapper.application; includeInIndex = 0; path = DouYu.app; sourceTree = BUILT_PRODUCTS_DIR; };
		5FBF1F3A2060B1B400311155 /* AppDelegate.swift */ = {isa = PBXFileReference; lastKnownFileType = sourcecode.swift; path = AppDelegate.swift; sourceTree = "<group>"; };
		5FBF1F3F2060B1B400311155 /* Base */ = {isa = PBXFileReference; lastKnownFileType = file.storyboard; name = Base; path = Base.lproj/Main.storyboard; sourceTree = "<group>"; };
		5FBF1F412060B1B400311155 /* Assets.xcassets */ = {isa = PBXFileReference; lastKnownFileType = folder.assetcatalog; path = Assets.xcassets; sourceTree = "<group>"; };
		5FBF1F442060B1B400311155 /* Base */ = {isa = PBXFileReference; lastKnownFileType = file.storyboard; name = Base; path = Base.lproj/LaunchScreen.storyboard; sourceTree = "<group>"; };
		5FBF1F462060B1B400311155 /* Info.plist */ = {isa = PBXFileReference; lastKnownFileType = text.plist.xml; path = Info.plist; sourceTree = "<group>"; };
		5FBF1F4B2060B1B400311155 /* DouYuTests.xctest */ = {isa = PBXFileReference; explicitFileType = wrapper.cfbundle; includeInIndex = 0; path = DouYuTests.xctest; sourceTree = BUILT_PRODUCTS_DIR; };
		5FBF1F4F2060B1B400311155 /* DouYuTests.swift */ = {isa = PBXFileReference; lastKnownFileType = sourcecode.swift; path = DouYuTests.swift; sourceTree = "<group>"; };
		5FBF1F512060B1B400311155 /* Info.plist */ = {isa = PBXFileReference; lastKnownFileType = text.plist.xml; path = Info.plist; sourceTree = "<group>"; };
		5FBF1F562060B1B400311155 /* DouYuUITests.xctest */ = {isa = PBXFileReference; explicitFileType = wrapper.cfbundle; includeInIndex = 0; path = DouYuUITests.xctest; sourceTree = BUILT_PRODUCTS_DIR; };
		5FBF1F5A2060B1B400311155 /* DouYuUITests.swift */ = {isa = PBXFileReference; lastKnownFileType = sourcecode.swift; path = DouYuUITests.swift; sourceTree = "<group>"; };
		5FBF1F5C2060B1B400311155 /* Info.plist */ = {isa = PBXFileReference; lastKnownFileType = text.plist.xml; path = Info.plist; sourceTree = "<group>"; };
		5FBF1F722060ECD600311155 /* Base */ = {isa = PBXFileReference; lastKnownFileType = file.storyboard; name = Base; path = DouYu/Base.lproj/Home.storyboard; sourceTree = "<group>"; };
		5FBF1F752060ED0C00311155 /* Base */ = {isa = PBXFileReference; lastKnownFileType = file.storyboard; name = Base; path = DouYu/Base.lproj/Live.storyboard; sourceTree = "<group>"; };
		5FBF1F782060ED2500311155 /* Base */ = {isa = PBXFileReference; lastKnownFileType = file.storyboard; name = Base; path = DouYu/Base.lproj/Follow.storyboard; sourceTree = "<group>"; };
		5FBF1F7B2060ED3B00311155 /* Base */ = {isa = PBXFileReference; lastKnownFileType = file.storyboard; name = Base; path = DouYu/Base.lproj/Profile.storyboard; sourceTree = "<group>"; };
		5FBF1F842060FB7A00311155 /* MainViewController.swift */ = {isa = PBXFileReference; fileEncoding = 4; lastKnownFileType = sourcecode.swift; path = MainViewController.swift; sourceTree = "<group>"; };
		5FBF1F922060FC4A00311155 /* HomeViewController.swift */ = {isa = PBXFileReference; lastKnownFileType = sourcecode.swift; path = HomeViewController.swift; sourceTree = "<group>"; };
		5FBF1F942060FC7E00311155 /* LiveViewController.swift */ = {isa = PBXFileReference; lastKnownFileType = sourcecode.swift; path = LiveViewController.swift; sourceTree = "<group>"; };
		5FBF1F962060FD0500311155 /* FollowViewController.swift */ = {isa = PBXFileReference; lastKnownFileType = sourcecode.swift; path = FollowViewController.swift; sourceTree = "<group>"; };
		5FBF1F982060FD2700311155 /* ProfileViewController.swift */ = {isa = PBXFileReference; lastKnownFileType = sourcecode.swift; path = ProfileViewController.swift; sourceTree = "<group>"; };
		697F462B79FBB576F793E7F3 /* Pods_DouYu.framework */ = {isa = PBXFileReference; explicitFileType = wrapper.framework; includeInIndex = 0; path = Pods_DouYu.framework; sourceTree = BUILT_PRODUCTS_DIR; };
		7E435F6004ED2376189BE274 /* Pods-DouYuUITests.debug.xcconfig */ = {isa = PBXFileReference; includeInIndex = 1; lastKnownFileType = text.xcconfig; name = "Pods-DouYuUITests.debug.xcconfig"; path = "Pods/Target Support Files/Pods-DouYuUITests/Pods-DouYuUITests.debug.xcconfig"; sourceTree = "<group>"; };
		8F73A82468267ABD4E0A7757 /* Pods_DouYuTests.framework */ = {isa = PBXFileReference; explicitFileType = wrapper.framework; includeInIndex = 0; path = Pods_DouYuTests.framework; sourceTree = BUILT_PRODUCTS_DIR; };
		E2E59ECA7967CAD5012021A8 /* Pods-DouYuUITests.release.xcconfig */ = {isa = PBXFileReference; includeInIndex = 1; lastKnownFileType = text.xcconfig; name = "Pods-DouYuUITests.release.xcconfig"; path = "Pods/Target Support Files/Pods-DouYuUITests/Pods-DouYuUITests.release.xcconfig"; sourceTree = "<group>"; };
		E4F2FE66179F113C152E3C51 /* Pods-DouYu.release.xcconfig */ = {isa = PBXFileReference; includeInIndex = 1; lastKnownFileType = text.xcconfig; name = "Pods-DouYu.release.xcconfig"; path = "Pods/Target Support Files/Pods-DouYu/Pods-DouYu.release.xcconfig"; sourceTree = "<group>"; };
		F8509943228BE03797656F8D /* Pods_DouYuUITests.framework */ = {isa = PBXFileReference; explicitFileType = wrapper.framework; includeInIndex = 0; path = Pods_DouYuUITests.framework; sourceTree = BUILT_PRODUCTS_DIR; };
/* End PBXFileReference section */

/* Begin PBXFrameworksBuildPhase section */
		5FBF1F342060B1B400311155 /* Frameworks */ = {
			isa = PBXFrameworksBuildPhase;
			buildActionMask = 2147483647;
			files = (
				CF268DF9691EA14694CBA1AD /* Pods_DouYu.framework in Frameworks */,
			);
			runOnlyForDeploymentPostprocessing = 0;
		};
		5FBF1F482060B1B400311155 /* Frameworks */ = {
			isa = PBXFrameworksBuildPhase;
			buildActionMask = 2147483647;
			files = (
				70C1C110A184EB8ACE21D076 /* Pods_DouYuTests.framework in Frameworks */,
			);
			runOnlyForDeploymentPostprocessing = 0;
		};
		5FBF1F532060B1B400311155 /* Frameworks */ = {
			isa = PBXFrameworksBuildPhase;
			buildActionMask = 2147483647;
			files = (
				6DD5D6ED52FD4D213B4839EC /* Pods_DouYuUITests.framework in Frameworks */,
			);
			runOnlyForDeploymentPostprocessing = 0;
		};
/* End PBXFrameworksBuildPhase section */

/* Begin PBXGroup section */
		2C1ED8D2E43AC7FE1CAA5949 /* Frameworks */ = {
			isa = PBXGroup;
			children = (
				697F462B79FBB576F793E7F3 /* Pods_DouYu.framework */,
				8F73A82468267ABD4E0A7757 /* Pods_DouYuTests.framework */,
				F8509943228BE03797656F8D /* Pods_DouYuUITests.framework */,
			);
			name = Frameworks;
			sourceTree = "<group>";
		};
		497754ED2EFD5DFF3F6B5D0D /* Pods */ = {
			isa = PBXGroup;
			children = (
				2212D17180F0D40439ABE6D3 /* Pods-DouYu.debug.xcconfig */,
				E4F2FE66179F113C152E3C51 /* Pods-DouYu.release.xcconfig */,
				0ABC2B407FA16B430EDF7F28 /* Pods-DouYuTests.debug.xcconfig */,
				440E2EB3D48D60235ED2853E /* Pods-DouYuTests.release.xcconfig */,
				7E435F6004ED2376189BE274 /* Pods-DouYuUITests.debug.xcconfig */,
				E2E59ECA7967CAD5012021A8 /* Pods-DouYuUITests.release.xcconfig */,
			);
			name = Pods;
			sourceTree = "<group>";
		};
		5F0A86E920623BF9001549B9 /* Extension */ = {
			isa = PBXGroup;
			children = (
				5F0A86E520610A61001549B9 /* UIBarButtonItem_Extension.swift */,
				5F6936112062597E007E4DA3 /* UIColor_Extension.swift */,
			);
			path = Extension;
			sourceTree = "<group>";
		};
		5FBF1F2E2060B1B400311155 = {
			isa = PBXGroup;
			children = (
				5FBF1F392060B1B400311155 /* DouYu */,
				5FBF1F4E2060B1B400311155 /* DouYuTests */,
				5FBF1F592060B1B400311155 /* DouYuUITests */,
				5FBF1F382060B1B400311155 /* Products */,
				497754ED2EFD5DFF3F6B5D0D /* Pods */,
				2C1ED8D2E43AC7FE1CAA5949 /* Frameworks */,
			);
			sourceTree = "<group>";
		};
		5FBF1F382060B1B400311155 /* Products */ = {
			isa = PBXGroup;
			children = (
				5FBF1F372060B1B400311155 /* DouYu.app */,
				5FBF1F4B2060B1B400311155 /* DouYuTests.xctest */,
				5FBF1F562060B1B400311155 /* DouYuUITests.xctest */,
			);
			name = Products;
			sourceTree = "<group>";
		};
		5FBF1F392060B1B400311155 /* DouYu */ = {
			isa = PBXGroup;
			children = (
				5FBF1F6A2060E4BA00311155 /* Classes */,
				5FBF1F3A2060B1B400311155 /* AppDelegate.swift */,
				5FBF1F412060B1B400311155 /* Assets.xcassets */,
				5FBF1F432060B1B400311155 /* LaunchScreen.storyboard */,
				5FBF1F462060B1B400311155 /* Info.plist */,
			);
			path = DouYu;
			sourceTree = "<group>";
		};
		5FBF1F4E2060B1B400311155 /* DouYuTests */ = {
			isa = PBXGroup;
			children = (
				5FBF1F4F2060B1B400311155 /* DouYuTests.swift */,
				5FBF1F512060B1B400311155 /* Info.plist */,
			);
			path = DouYuTests;
			sourceTree = "<group>";
		};
		5FBF1F592060B1B400311155 /* DouYuUITests */ = {
			isa = PBXGroup;
			children = (
				5FBF1F5A2060B1B400311155 /* DouYuUITests.swift */,
				5FBF1F5C2060B1B400311155 /* Info.plist */,
			);
			path = DouYuUITests;
			sourceTree = "<group>";
		};
		5FBF1F6A2060E4BA00311155 /* Classes */ = {
			isa = PBXGroup;
			children = (
				5FBF1F702060E4BA00311155 /* Main */,
				5FBF1F6B2060E4BA00311155 /* Home */,
				5FBF1F6F2060E4BA00311155 /* Live */,
				5FBF1F6D2060E4BA00311155 /* Follow */,
				5FBF1F6E2060E4BA00311155 /* Profile */,
				5FBF1F6C2060E4BA00311155 /* Tools */,
			);
			path = Classes;
			sourceTree = "<group>";
		};
		5FBF1F6B2060E4BA00311155 /* Home */ = {
			isa = PBXGroup;
			children = (
				5FBF1F712060ECD600311155 /* Home.storyboard */,
				5FBF1F872060FBCA00311155 /* Controller */,
				5FBF1F862060FBCA00311155 /* Model */,
				5FBF1F882060FBCA00311155 /* View */,
			);
			path = Home;
			sourceTree = "<group>";
		};
		5FBF1F6C2060E4BA00311155 /* Tools */ = {
			isa = PBXGroup;
			children = (
				5F0A86E920623BF9001549B9 /* Extension */,
				5F0A86EA20623C19001549B9 /* Common.swift */,
			);
			path = Tools;
			sourceTree = "<group>";
		};
		5FBF1F6D2060E4BA00311155 /* Follow */ = {
			isa = PBXGroup;
			children = (
				5FBF1F772060ED2500311155 /* Follow.storyboard */,
				5FBF1F8A2060FBD900311155 /* Controller */,
				5FBF1F892060FBD900311155 /* Model */,
				5FBF1F8B2060FBD900311155 /* View */,
			);
			path = Follow;
			sourceTree = "<group>";
		};
		5FBF1F6E2060E4BA00311155 /* Profile */ = {
			isa = PBXGroup;
			children = (
				5FBF1F7A2060ED3B00311155 /* Profile.storyboard */,
				5FBF1F902060FC1900311155 /* Controller */,
				5FBF1F8F2060FC1900311155 /* Model */,
				5FBF1F912060FC1900311155 /* View */,
			);
			path = Profile;
			sourceTree = "<group>";
		};
		5FBF1F6F2060E4BA00311155 /* Live */ = {
			isa = PBXGroup;
			children = (
				5FBF1F742060ED0C00311155 /* Live.storyboard */,
				5FBF1F8E2060FBF800311155 /* Controller */,
				5FBF1F8C2060FBF800311155 /* Model */,
				5FBF1F8D2060FBF800311155 /* View */,
			);
			path = Live;
			sourceTree = "<group>";
		};
		5FBF1F702060E4BA00311155 /* Main */ = {
			isa = PBXGroup;
			children = (
				5FBF1F3E2060B1B400311155 /* Main.storyboard */,
				5FBF1F832060FB7A00311155 /* Controller */,
				5FBF1F812060FB7A00311155 /* Model */,
				5FBF1F822060FB7A00311155 /* View */,
			);
			path = Main;
			sourceTree = "<group>";
		};
		5FBF1F812060FB7A00311155 /* Model */ = {
			isa = PBXGroup;
			children = (
			);
			path = Model;
			sourceTree = "<group>";
		};
		5FBF1F822060FB7A00311155 /* View */ = {
			isa = PBXGroup;
			children = (
				5F0A86E7206237E2001549B9 /* TitleView.swift */,
				5F69361320625A60007E4DA3 /* PageView.swift */,
			);
			path = View;
			sourceTree = "<group>";
		};
		5FBF1F832060FB7A00311155 /* Controller */ = {
			isa = PBXGroup;
			children = (
				5FBF1F842060FB7A00311155 /* MainViewController.swift */,
			);
			path = Controller;
			sourceTree = "<group>";
		};
		5FBF1F862060FBCA00311155 /* Model */ = {
			isa = PBXGroup;
			children = (
			);
			path = Model;
			sourceTree = "<group>";
		};
		5FBF1F872060FBCA00311155 /* Controller */ = {
			isa = PBXGroup;
			children = (
				5FBF1F922060FC4A00311155 /* HomeViewController.swift */,
			);
			path = Controller;
			sourceTree = "<group>";
		};
		5FBF1F882060FBCA00311155 /* View */ = {
			isa = PBXGroup;
			children = (
			);
			path = View;
			sourceTree = "<group>";
		};
		5FBF1F892060FBD900311155 /* Model */ = {
			isa = PBXGroup;
			children = (
			);
			path = Model;
			sourceTree = "<group>";
		};
		5FBF1F8A2060FBD900311155 /* Controller */ = {
			isa = PBXGroup;
			children = (
				5FBF1F962060FD0500311155 /* FollowViewController.swift */,
			);
			path = Controller;
			sourceTree = "<group>";
		};
		5FBF1F8B2060FBD900311155 /* View */ = {
			isa = PBXGroup;
			children = (
			);
			path = View;
			sourceTree = "<group>";
		};
		5FBF1F8C2060FBF800311155 /* Model */ = {
			isa = PBXGroup;
			children = (
			);
			path = Model;
			sourceTree = "<group>";
		};
		5FBF1F8D2060FBF800311155 /* View */ = {
			isa = PBXGroup;
			children = (
			);
			path = View;
			sourceTree = "<group>";
		};
		5FBF1F8E2060FBF800311155 /* Controller */ = {
			isa = PBXGroup;
			children = (
				5FBF1F942060FC7E00311155 /* LiveViewController.swift */,
			);
			path = Controller;
			sourceTree = "<group>";
		};
		5FBF1F8F2060FC1900311155 /* Model */ = {
			isa = PBXGroup;
			children = (
			);
			path = Model;
			sourceTree = "<group>";
		};
		5FBF1F902060FC1900311155 /* Controller */ = {
			isa = PBXGroup;
			children = (
				5FBF1F982060FD2700311155 /* ProfileViewController.swift */,
			);
			path = Controller;
			sourceTree = "<group>";
		};
		5FBF1F912060FC1900311155 /* View */ = {
			isa = PBXGroup;
			children = (
			);
			path = View;
			sourceTree = "<group>";
		};
/* End PBXGroup section */

/* Begin PBXNativeTarget section */
		5FBF1F362060B1B400311155 /* DouYu */ = {
			isa = PBXNativeTarget;
			buildConfigurationList = 5FBF1F5F2060B1B400311155 /* Build configuration list for PBXNativeTarget "DouYu" */;
			buildPhases = (
				C02857CED91E70C94048078D /* [CP] Check Pods Manifest.lock */,
				5FBF1F332060B1B400311155 /* Sources */,
				5FBF1F342060B1B400311155 /* Frameworks */,
				5FBF1F352060B1B400311155 /* Resources */,
				573774CC76000035BABF47F8 /* [CP] Embed Pods Frameworks */,
				1EC2C94736640E9B67E79033 /* [CP] Copy Pods Resources */,
			);
			buildRules = (
			);
			dependencies = (
			);
			name = DouYu;
			productName = DouYu;
			productReference = 5FBF1F372060B1B400311155 /* DouYu.app */;
			productType = "com.apple.product-type.application";
		};
		5FBF1F4A2060B1B400311155 /* DouYuTests */ = {
			isa = PBXNativeTarget;
			buildConfigurationList = 5FBF1F622060B1B400311155 /* Build configuration list for PBXNativeTarget "DouYuTests" */;
			buildPhases = (
				8124F4D8F8AD072C612EB732 /* [CP] Check Pods Manifest.lock */,
				5FBF1F472060B1B400311155 /* Sources */,
				5FBF1F482060B1B400311155 /* Frameworks */,
				5FBF1F492060B1B400311155 /* Resources */,
				971956AD185239F0FF8A2719 /* [CP] Embed Pods Frameworks */,
				990C894F08C085D51895B683 /* [CP] Copy Pods Resources */,
			);
			buildRules = (
			);
			dependencies = (
				5FBF1F4D2060B1B400311155 /* PBXTargetDependency */,
			);
			name = DouYuTests;
			productName = DouYuTests;
			productReference = 5FBF1F4B2060B1B400311155 /* DouYuTests.xctest */;
			productType = "com.apple.product-type.bundle.unit-test";
		};
		5FBF1F552060B1B400311155 /* DouYuUITests */ = {
			isa = PBXNativeTarget;
			buildConfigurationList = 5FBF1F652060B1B400311155 /* Build configuration list for PBXNativeTarget "DouYuUITests" */;
			buildPhases = (
				D69078C579C9D12F8ABB26BE /* [CP] Check Pods Manifest.lock */,
				5FBF1F522060B1B400311155 /* Sources */,
				5FBF1F532060B1B400311155 /* Frameworks */,
				5FBF1F542060B1B400311155 /* Resources */,
				2C359972D2A908D1358BEB38 /* [CP] Embed Pods Frameworks */,
				58FB6C50A3CB1C43FD585206 /* [CP] Copy Pods Resources */,
			);
			buildRules = (
			);
			dependencies = (
				5FBF1F582060B1B400311155 /* PBXTargetDependency */,
			);
			name = DouYuUITests;
			productName = DouYuUITests;
			productReference = 5FBF1F562060B1B400311155 /* DouYuUITests.xctest */;
			productType = "com.apple.product-type.bundle.ui-testing";
		};
/* End PBXNativeTarget section */

/* Begin PBXProject section */
		5FBF1F2F2060B1B400311155 /* Project object */ = {
			isa = PBXProject;
			attributes = {
				LastSwiftUpdateCheck = 0920;
				LastUpgradeCheck = 0920;
				ORGANIZATIONNAME = "黄忠汉(外包)";
				TargetAttributes = {
					5FBF1F362060B1B400311155 = {
						CreatedOnToolsVersion = 9.2;
						ProvisioningStyle = Automatic;
					};
					5FBF1F4A2060B1B400311155 = {
						CreatedOnToolsVersion = 9.2;
						ProvisioningStyle = Automatic;
						TestTargetID = 5FBF1F362060B1B400311155;
					};
					5FBF1F552060B1B400311155 = {
						CreatedOnToolsVersion = 9.2;
						ProvisioningStyle = Automatic;
						TestTargetID = 5FBF1F362060B1B400311155;
					};
				};
			};
			buildConfigurationList = 5FBF1F322060B1B400311155 /* Build configuration list for PBXProject "DouYu" */;
			compatibilityVersion = "Xcode 8.0";
			developmentRegion = en;
			hasScannedForEncodings = 0;
			knownRegions = (
				en,
				Base,
			);
			mainGroup = 5FBF1F2E2060B1B400311155;
			productRefGroup = 5FBF1F382060B1B400311155 /* Products */;
			projectDirPath = "";
			projectRoot = "";
			targets = (
				5FBF1F362060B1B400311155 /* DouYu */,
				5FBF1F4A2060B1B400311155 /* DouYuTests */,
				5FBF1F552060B1B400311155 /* DouYuUITests */,
			);
		};
/* End PBXProject section */

/* Begin PBXResourcesBuildPhase section */
		5FBF1F352060B1B400311155 /* Resources */ = {
			isa = PBXResourcesBuildPhase;
			buildActionMask = 2147483647;
			files = (
				5FBF1F452060B1B400311155 /* LaunchScreen.storyboard in Resources */,
				5FBF1F422060B1B400311155 /* Assets.xcassets in Resources */,
				5FBF1F402060B1B400311155 /* Main.storyboard in Resources */,
				5FBF1F762060ED0C00311155 /* Live.storyboard in Resources */,
				5FBF1F732060ECD600311155 /* Home.storyboard in Resources */,
				5FBF1F7C2060ED3B00311155 /* Profile.storyboard in Resources */,
				5FBF1F792060ED2500311155 /* Follow.storyboard in Resources */,
			);
			runOnlyForDeploymentPostprocessing = 0;
		};
		5FBF1F492060B1B400311155 /* Resources */ = {
			isa = PBXResourcesBuildPhase;
			buildActionMask = 2147483647;
			files = (
			);
			runOnlyForDeploymentPostprocessing = 0;
		};
		5FBF1F542060B1B400311155 /* Resources */ = {
			isa = PBXResourcesBuildPhase;
			buildActionMask = 2147483647;
			files = (
			);
			runOnlyForDeploymentPostprocessing = 0;
		};
/* End PBXResourcesBuildPhase section */

/* Begin PBXShellScriptBuildPhase section */
		1EC2C94736640E9B67E79033 /* [CP] Copy Pods Resources */ = {
			isa = PBXShellScriptBuildPhase;
			buildActionMask = 2147483647;
			files = (
			);
			inputPaths = (
			);
			name = "[CP] Copy Pods Resources";
			outputPaths = (
			);
			runOnlyForDeploymentPostprocessing = 0;
			shellPath = /bin/sh;
			shellScript = "\"${SRCROOT}/Pods/Target Support Files/Pods-DouYu/Pods-DouYu-resources.sh\"\n";
			showEnvVarsInLog = 0;
		};
		2C359972D2A908D1358BEB38 /* [CP] Embed Pods Frameworks */ = {
			isa = PBXShellScriptBuildPhase;
			buildActionMask = 2147483647;
			files = (
			);
			inputPaths = (
			);
			name = "[CP] Embed Pods Frameworks";
			outputPaths = (
			);
			runOnlyForDeploymentPostprocessing = 0;
			shellPath = /bin/sh;
			shellScript = "\"${SRCROOT}/Pods/Target Support Files/Pods-DouYuUITests/Pods-DouYuUITests-frameworks.sh\"\n";
			showEnvVarsInLog = 0;
		};
		573774CC76000035BABF47F8 /* [CP] Embed Pods Frameworks */ = {
			isa = PBXShellScriptBuildPhase;
			buildActionMask = 2147483647;
			files = (
			);
			inputPaths = (
				"${SRCROOT}/Pods/Target Support Files/Pods-DouYu/Pods-DouYu-frameworks.sh",
				"${BUILT_PRODUCTS_DIR}/SnapKit/SnapKit.framework",
			);
			name = "[CP] Embed Pods Frameworks";
			outputPaths = (
				"${TARGET_BUILD_DIR}/${FRAMEWORKS_FOLDER_PATH}/SnapKit.framework",
			);
			runOnlyForDeploymentPostprocessing = 0;
			shellPath = /bin/sh;
			shellScript = "\"${SRCROOT}/Pods/Target Support Files/Pods-DouYu/Pods-DouYu-frameworks.sh\"\n";
			showEnvVarsInLog = 0;
		};
		58FB6C50A3CB1C43FD585206 /* [CP] Copy Pods Resources */ = {
			isa = PBXShellScriptBuildPhase;
			buildActionMask = 2147483647;
			files = (
			);
			inputPaths = (
			);
			name = "[CP] Copy Pods Resources";
			outputPaths = (
			);
			runOnlyForDeploymentPostprocessing = 0;
			shellPath = /bin/sh;
			shellScript = "\"${SRCROOT}/Pods/Target Support Files/Pods-DouYuUITests/Pods-DouYuUITests-resources.sh\"\n";
			showEnvVarsInLog = 0;
		};
		8124F4D8F8AD072C612EB732 /* [CP] Check Pods Manifest.lock */ = {
			isa = PBXShellScriptBuildPhase;
			buildActionMask = 2147483647;
			files = (
			);
			inputPaths = (
				"${PODS_PODFILE_DIR_PATH}/Podfile.lock",
				"${PODS_ROOT}/Manifest.lock",
			);
			name = "[CP] Check Pods Manifest.lock";
			outputPaths = (
				"$(DERIVED_FILE_DIR)/Pods-DouYuTests-checkManifestLockResult.txt",
			);
			runOnlyForDeploymentPostprocessing = 0;
			shellPath = /bin/sh;
			shellScript = "diff \"${PODS_PODFILE_DIR_PATH}/Podfile.lock\" \"${PODS_ROOT}/Manifest.lock\" > /dev/null\nif [ $? != 0 ] ; then\n    # print error to STDERR\n    echo \"error: The sandbox is not in sync with the Podfile.lock. Run 'pod install' or update your CocoaPods installation.\" >&2\n    exit 1\nfi\n# This output is used by Xcode 'outputs' to avoid re-running this script phase.\necho \"SUCCESS\" > \"${SCRIPT_OUTPUT_FILE_0}\"\n";
			showEnvVarsInLog = 0;
		};
		971956AD185239F0FF8A2719 /* [CP] Embed Pods Frameworks */ = {
			isa = PBXShellScriptBuildPhase;
			buildActionMask = 2147483647;
			files = (
			);
			inputPaths = (
			);
			name = "[CP] Embed Pods Frameworks";
			outputPaths = (
			);
			runOnlyForDeploymentPostprocessing = 0;
			shellPath = /bin/sh;
			shellScript = "\"${SRCROOT}/Pods/Target Support Files/Pods-DouYuTests/Pods-DouYuTests-frameworks.sh\"\n";
			showEnvVarsInLog = 0;
		};
		990C894F08C085D51895B683 /* [CP] Copy Pods Resources */ = {
			isa = PBXShellScriptBuildPhase;
			buildActionMask = 2147483647;
			files = (
			);
			inputPaths = (
			);
			name = "[CP] Copy Pods Resources";
			outputPaths = (
			);
			runOnlyForDeploymentPostprocessing = 0;
			shellPath = /bin/sh;
			shellScript = "\"${SRCROOT}/Pods/Target Support Files/Pods-DouYuTests/Pods-DouYuTests-resources.sh\"\n";
			showEnvVarsInLog = 0;
		};
		C02857CED91E70C94048078D /* [CP] Check Pods Manifest.lock */ = {
			isa = PBXShellScriptBuildPhase;
			buildActionMask = 2147483647;
			files = (
			);
			inputPaths = (
				"${PODS_PODFILE_DIR_PATH}/Podfile.lock",
				"${PODS_ROOT}/Manifest.lock",
			);
			name = "[CP] Check Pods Manifest.lock";
			outputPaths = (
				"$(DERIVED_FILE_DIR)/Pods-DouYu-checkManifestLockResult.txt",
			);
			runOnlyForDeploymentPostprocessing = 0;
			shellPath = /bin/sh;
			shellScript = "diff \"${PODS_PODFILE_DIR_PATH}/Podfile.lock\" \"${PODS_ROOT}/Manifest.lock\" > /dev/null\nif [ $? != 0 ] ; then\n    # print error to STDERR\n    echo \"error: The sandbox is not in sync with the Podfile.lock. Run 'pod install' or update your CocoaPods installation.\" >&2\n    exit 1\nfi\n# This output is used by Xcode 'outputs' to avoid re-running this script phase.\necho \"SUCCESS\" > \"${SCRIPT_OUTPUT_FILE_0}\"\n";
			showEnvVarsInLog = 0;
		};
		D69078C579C9D12F8ABB26BE /* [CP] Check Pods Manifest.lock */ = {
			isa = PBXShellScriptBuildPhase;
			buildActionMask = 2147483647;
			files = (
			);
			inputPaths = (
				"${PODS_PODFILE_DIR_PATH}/Podfile.lock",
				"${PODS_ROOT}/Manifest.lock",
			);
			name = "[CP] Check Pods Manifest.lock";
			outputPaths = (
				"$(DERIVED_FILE_DIR)/Pods-DouYuUITests-checkManifestLockResult.txt",
			);
			runOnlyForDeploymentPostprocessing = 0;
			shellPath = /bin/sh;
			shellScript = "diff \"${PODS_PODFILE_DIR_PATH}/Podfile.lock\" \"${PODS_ROOT}/Manifest.lock\" > /dev/null\nif [ $? != 0 ] ; then\n    # print error to STDERR\n    echo \"error: The sandbox is not in sync with the Podfile.lock. Run 'pod install' or update your CocoaPods installation.\" >&2\n    exit 1\nfi\n# This output is used by Xcode 'outputs' to avoid re-running this script phase.\necho \"SUCCESS\" > \"${SCRIPT_OUTPUT_FILE_0}\"\n";
			showEnvVarsInLog = 0;
		};
/* End PBXShellScriptBuildPhase section */

/* Begin PBXSourcesBuildPhase section */
		5FBF1F332060B1B400311155 /* Sources */ = {
			isa = PBXSourcesBuildPhase;
			buildActionMask = 2147483647;
			files = (
				5FBF1F992060FD2700311155 /* ProfileViewController.swift in Sources */,
				5FBF1F3B2060B1B400311155 /* AppDelegate.swift in Sources */,
				5FBF1F852060FB7A00311155 /* MainViewController.swift in Sources */,
				5FBF1F972060FD0500311155 /* FollowViewController.swift in Sources */,
				5F0A86EB20623C19001549B9 /* Common.swift in Sources */,
				5FBF1F952060FC7E00311155 /* LiveViewController.swift in Sources */,
				5FBF1F932060FC4B00311155 /* HomeViewController.swift in Sources */,
				5F0A86E620610A61001549B9 /* UIBarButtonItem_Extension.swift in Sources */,
				5F69361420625A60007E4DA3 /* PageView.swift in Sources */,
				5F0A86E8206237E2001549B9 /* TitleView.swift in Sources */,
				5F6936122062597E007E4DA3 /* UIColor_Extension.swift in Sources */,
			);
			runOnlyForDeploymentPostprocessing = 0;
		};
		5FBF1F472060B1B400311155 /* Sources */ = {
			isa = PBXSourcesBuildPhase;
			buildActionMask = 2147483647;
			files = (
				5FBF1F502060B1B400311155 /* DouYuTests.swift in Sources */,
			);
			runOnlyForDeploymentPostprocessing = 0;
		};
		5FBF1F522060B1B400311155 /* Sources */ = {
			isa = PBXSourcesBuildPhase;
			buildActionMask = 2147483647;
			files = (
				5FBF1F5B2060B1B400311155 /* DouYuUITests.swift in Sources */,
			);
			runOnlyForDeploymentPostprocessing = 0;
		};
/* End PBXSourcesBuildPhase section */

/* Begin PBXTargetDependency section */
		5FBF1F4D2060B1B400311155 /* PBXTargetDependency */ = {
			isa = PBXTargetDependency;
			target = 5FBF1F362060B1B400311155 /* DouYu */;
			targetProxy = 5FBF1F4C2060B1B400311155 /* PBXContainerItemProxy */;
		};
		5FBF1F582060B1B400311155 /* PBXTargetDependency */ = {
			isa = PBXTargetDependency;
			target = 5FBF1F362060B1B400311155 /* DouYu */;
			targetProxy = 5FBF1F572060B1B400311155 /* PBXContainerItemProxy */;
		};
/* End PBXTargetDependency section */

/* Begin PBXVariantGroup section */
		5FBF1F3E2060B1B400311155 /* Main.storyboard */ = {
			isa = PBXVariantGroup;
			children = (
				5FBF1F3F2060B1B400311155 /* Base */,
			);
			name = Main.storyboard;
			sourceTree = "<group>";
		};
		5FBF1F432060B1B400311155 /* LaunchScreen.storyboard */ = {
			isa = PBXVariantGroup;
			children = (
				5FBF1F442060B1B400311155 /* Base */,
			);
			name = LaunchScreen.storyboard;
			sourceTree = "<group>";
		};
		5FBF1F712060ECD600311155 /* Home.storyboard */ = {
			isa = PBXVariantGroup;
			children = (
				5FBF1F722060ECD600311155 /* Base */,
			);
			name = Home.storyboard;
			sourceTree = "<group>";
		};
		5FBF1F742060ED0C00311155 /* Live.storyboard */ = {
			isa = PBXVariantGroup;
			children = (
				5FBF1F752060ED0C00311155 /* Base */,
			);
			name = Live.storyboard;
			sourceTree = "<group>";
		};
		5FBF1F772060ED2500311155 /* Follow.storyboard */ = {
			isa = PBXVariantGroup;
			children = (
				5FBF1F782060ED2500311155 /* Base */,
			);
			name = Follow.storyboard;
			sourceTree = "<group>";
		};
		5FBF1F7A2060ED3B00311155 /* Profile.storyboard */ = {
			isa = PBXVariantGroup;
			children = (
				5FBF1F7B2060ED3B00311155 /* Base */,
			);
			name = Profile.storyboard;
			sourceTree = "<group>";
		};
/* End PBXVariantGroup section */

/* Begin XCBuildConfiguration section */
		5FBF1F5D2060B1B400311155 /* Debug */ = {
			isa = XCBuildConfiguration;
			buildSettings = {
				ALWAYS_SEARCH_USER_PATHS = NO;
				CLANG_ANALYZER_NONNULL = YES;
				CLANG_ANALYZER_NUMBER_OBJECT_CONVERSION = YES_AGGRESSIVE;
				CLANG_CXX_LANGUAGE_STANDARD = "gnu++14";
				CLANG_CXX_LIBRARY = "libc++";
				CLANG_ENABLE_MODULES = YES;
				CLANG_ENABLE_OBJC_ARC = YES;
				CLANG_WARN_BLOCK_CAPTURE_AUTORELEASING = YES;
				CLANG_WARN_BOOL_CONVERSION = YES;
				CLANG_WARN_COMMA = YES;
				CLANG_WARN_CONSTANT_CONVERSION = YES;
				CLANG_WARN_DIRECT_OBJC_ISA_USAGE = YES_ERROR;
				CLANG_WARN_DOCUMENTATION_COMMENTS = YES;
				CLANG_WARN_EMPTY_BODY = YES;
				CLANG_WARN_ENUM_CONVERSION = YES;
				CLANG_WARN_INFINITE_RECURSION = YES;
				CLANG_WARN_INT_CONVERSION = YES;
				CLANG_WARN_NON_LITERAL_NULL_CONVERSION = YES;
				CLANG_WARN_OBJC_LITERAL_CONVERSION = YES;
				CLANG_WARN_OBJC_ROOT_CLASS = YES_ERROR;
				CLANG_WARN_RANGE_LOOP_ANALYSIS = YES;
				CLANG_WARN_STRICT_PROTOTYPES = YES;
				CLANG_WARN_SUSPICIOUS_MOVE = YES;
				CLANG_WARN_UNGUARDED_AVAILABILITY = YES_AGGRESSIVE;
				CLANG_WARN_UNREACHABLE_CODE = YES;
				CLANG_WARN__DUPLICATE_METHOD_MATCH = YES;
				CODE_SIGN_IDENTITY = "iPhone Developer";
				COPY_PHASE_STRIP = NO;
				DEBUG_INFORMATION_FORMAT = dwarf;
				ENABLE_STRICT_OBJC_MSGSEND = YES;
				ENABLE_TESTABILITY = YES;
				GCC_C_LANGUAGE_STANDARD = gnu11;
				GCC_DYNAMIC_NO_PIC = NO;
				GCC_NO_COMMON_BLOCKS = YES;
				GCC_OPTIMIZATION_LEVEL = 0;
				GCC_PREPROCESSOR_DEFINITIONS = (
					"DEBUG=1",
					"$(inherited)",
				);
				GCC_WARN_64_TO_32_BIT_CONVERSION = YES;
				GCC_WARN_ABOUT_RETURN_TYPE = YES_ERROR;
				GCC_WARN_UNDECLARED_SELECTOR = YES;
				GCC_WARN_UNINITIALIZED_AUTOS = YES_AGGRESSIVE;
				GCC_WARN_UNUSED_FUNCTION = YES;
				GCC_WARN_UNUSED_VARIABLE = YES;
				IPHONEOS_DEPLOYMENT_TARGET = 11.2;
				MTL_ENABLE_DEBUG_INFO = YES;
				ONLY_ACTIVE_ARCH = YES;
				SDKROOT = iphoneos;
				SWIFT_ACTIVE_COMPILATION_CONDITIONS = DEBUG;
				SWIFT_OPTIMIZATION_LEVEL = "-Onone";
			};
			name = Debug;
		};
		5FBF1F5E2060B1B400311155 /* Release */ = {
			isa = XCBuildConfiguration;
			buildSettings = {
				ALWAYS_SEARCH_USER_PATHS = NO;
				CLANG_ANALYZER_NONNULL = YES;
				CLANG_ANALYZER_NUMBER_OBJECT_CONVERSION = YES_AGGRESSIVE;
				CLANG_CXX_LANGUAGE_STANDARD = "gnu++14";
				CLANG_CXX_LIBRARY = "libc++";
				CLANG_ENABLE_MODULES = YES;
				CLANG_ENABLE_OBJC_ARC = YES;
				CLANG_WARN_BLOCK_CAPTURE_AUTORELEASING = YES;
				CLANG_WARN_BOOL_CONVERSION = YES;
				CLANG_WARN_COMMA = YES;
				CLANG_WARN_CONSTANT_CONVERSION = YES;
				CLANG_WARN_DIRECT_OBJC_ISA_USAGE = YES_ERROR;
				CLANG_WARN_DOCUMENTATION_COMMENTS = YES;
				CLANG_WARN_EMPTY_BODY = YES;
				CLANG_WARN_ENUM_CONVERSION = YES;
				CLANG_WARN_INFINITE_RECURSION = YES;
				CLANG_WARN_INT_CONVERSION = YES;
				CLANG_WARN_NON_LITERAL_NULL_CONVERSION = YES;
				CLANG_WARN_OBJC_LITERAL_CONVERSION = YES;
				CLANG_WARN_OBJC_ROOT_CLASS = YES_ERROR;
				CLANG_WARN_RANGE_LOOP_ANALYSIS = YES;
				CLANG_WARN_STRICT_PROTOTYPES = YES;
				CLANG_WARN_SUSPICIOUS_MOVE = YES;
				CLANG_WARN_UNGUARDED_AVAILABILITY = YES_AGGRESSIVE;
				CLANG_WARN_UNREACHABLE_CODE = YES;
				CLANG_WARN__DUPLICATE_METHOD_MATCH = YES;
				CODE_SIGN_IDENTITY = "iPhone Developer";
				COPY_PHASE_STRIP = NO;
				DEBUG_INFORMATION_FORMAT = "dwarf-with-dsym";
				ENABLE_NS_ASSERTIONS = NO;
				ENABLE_STRICT_OBJC_MSGSEND = YES;
				GCC_C_LANGUAGE_STANDARD = gnu11;
				GCC_NO_COMMON_BLOCKS = YES;
				GCC_WARN_64_TO_32_BIT_CONVERSION = YES;
				GCC_WARN_ABOUT_RETURN_TYPE = YES_ERROR;
				GCC_WARN_UNDECLARED_SELECTOR = YES;
				GCC_WARN_UNINITIALIZED_AUTOS = YES_AGGRESSIVE;
				GCC_WARN_UNUSED_FUNCTION = YES;
				GCC_WARN_UNUSED_VARIABLE = YES;
				IPHONEOS_DEPLOYMENT_TARGET = 11.2;
				MTL_ENABLE_DEBUG_INFO = NO;
				SDKROOT = iphoneos;
				SWIFT_OPTIMIZATION_LEVEL = "-Owholemodule";
				VALIDATE_PRODUCT = YES;
			};
			name = Release;
		};
		5FBF1F602060B1B400311155 /* Debug */ = {
			isa = XCBuildConfiguration;
			baseConfigurationReference = 2212D17180F0D40439ABE6D3 /* Pods-DouYu.debug.xcconfig */;
			buildSettings = {
				ASSETCATALOG_COMPILER_APPICON_NAME = AppIcon;
				ASSETCATALOG_COMPILER_LAUNCHIMAGE_NAME = LaunchImage;
				CODE_SIGN_STYLE = Automatic;
				INFOPLIST_FILE = DouYu/Info.plist;
				IPHONEOS_DEPLOYMENT_TARGET = 9.0;
				LD_RUNPATH_SEARCH_PATHS = "$(inherited) @executable_path/Frameworks";
				PRODUCT_BUNDLE_IDENTIFIER = hzh.DouYu;
				PRODUCT_NAME = "$(TARGET_NAME)";
				SWIFT_VERSION = 4.0;
				TARGETED_DEVICE_FAMILY = 1;
			};
			name = Debug;
		};
		5FBF1F612060B1B400311155 /* Release */ = {
			isa = XCBuildConfiguration;
			baseConfigurationReference = E4F2FE66179F113C152E3C51 /* Pods-DouYu.release.xcconfig */;
			buildSettings = {
				ASSETCATALOG_COMPILER_APPICON_NAME = AppIcon;
				ASSETCATALOG_COMPILER_LAUNCHIMAGE_NAME = LaunchImage;
				CODE_SIGN_STYLE = Automatic;
				INFOPLIST_FILE = DouYu/Info.plist;
				IPHONEOS_DEPLOYMENT_TARGET = 9.0;
				LD_RUNPATH_SEARCH_PATHS = "$(inherited) @executable_path/Frameworks";
				PRODUCT_BUNDLE_IDENTIFIER = hzh.DouYu;
				PRODUCT_NAME = "$(TARGET_NAME)";
				SWIFT_VERSION = 4.0;
				TARGETED_DEVICE_FAMILY = 1;
			};
			name = Release;
		};
		5FBF1F632060B1B400311155 /* Debug */ = {
			isa = XCBuildConfiguration;
			baseConfigurationReference = 0ABC2B407FA16B430EDF7F28 /* Pods-DouYuTests.debug.xcconfig */;
			buildSettings = {
				ALWAYS_EMBED_SWIFT_STANDARD_LIBRARIES = YES;
				BUNDLE_LOADER = "$(TEST_HOST)";
				CODE_SIGN_STYLE = Automatic;
				INFOPLIST_FILE = DouYuTests/Info.plist;
				LD_RUNPATH_SEARCH_PATHS = "$(inherited) @executable_path/Frameworks @loader_path/Frameworks";
				PRODUCT_BUNDLE_IDENTIFIER = hzh.DouYuTests;
				PRODUCT_NAME = "$(TARGET_NAME)";
				SWIFT_VERSION = 4.0;
				TARGETED_DEVICE_FAMILY = "1,2";
				TEST_HOST = "$(BUILT_PRODUCTS_DIR)/DouYu.app/DouYu";
			};
			name = Debug;
		};
		5FBF1F642060B1B400311155 /* Release */ = {
			isa = XCBuildConfiguration;
			baseConfigurationReference = 440E2EB3D48D60235ED2853E /* Pods-DouYuTests.release.xcconfig */;
			buildSettings = {
				ALWAYS_EMBED_SWIFT_STANDARD_LIBRARIES = YES;
				BUNDLE_LOADER = "$(TEST_HOST)";
				CODE_SIGN_STYLE = Automatic;
				INFOPLIST_FILE = DouYuTests/Info.plist;
				LD_RUNPATH_SEARCH_PATHS = "$(inherited) @executable_path/Frameworks @loader_path/Frameworks";
				PRODUCT_BUNDLE_IDENTIFIER = hzh.DouYuTests;
				PRODUCT_NAME = "$(TARGET_NAME)";
				SWIFT_VERSION = 4.0;
				TARGETED_DEVICE_FAMILY = "1,2";
				TEST_HOST = "$(BUILT_PRODUCTS_DIR)/DouYu.app/DouYu";
			};
			name = Release;
		};
		5FBF1F662060B1B400311155 /* Debug */ = {
			isa = XCBuildConfiguration;
			baseConfigurationReference = 7E435F6004ED2376189BE274 /* Pods-DouYuUITests.debug.xcconfig */;
			buildSettings = {
				ALWAYS_EMBED_SWIFT_STANDARD_LIBRARIES = YES;
				CODE_SIGN_STYLE = Automatic;
				INFOPLIST_FILE = DouYuUITests/Info.plist;
				LD_RUNPATH_SEARCH_PATHS = "$(inherited) @executable_path/Frameworks @loader_path/Frameworks";
				PRODUCT_BUNDLE_IDENTIFIER = hzh.DouYuUITests;
				PRODUCT_NAME = "$(TARGET_NAME)";
				SWIFT_VERSION = 4.0;
				TARGETED_DEVICE_FAMILY = "1,2";
				TEST_TARGET_NAME = DouYu;
			};
			name = Debug;
		};
		5FBF1F672060B1B400311155 /* Release */ = {
			isa = XCBuildConfiguration;
			baseConfigurationReference = E2E59ECA7967CAD5012021A8 /* Pods-DouYuUITests.release.xcconfig */;
			buildSettings = {
				ALWAYS_EMBED_SWIFT_STANDARD_LIBRARIES = YES;
				CODE_SIGN_STYLE = Automatic;
				INFOPLIST_FILE = DouYuUITests/Info.plist;
				LD_RUNPATH_SEARCH_PATHS = "$(inherited) @executable_path/Frameworks @loader_path/Frameworks";
				PRODUCT_BUNDLE_IDENTIFIER = hzh.DouYuUITests;
				PRODUCT_NAME = "$(TARGET_NAME)";
				SWIFT_VERSION = 4.0;
				TARGETED_DEVICE_FAMILY = "1,2";
				TEST_TARGET_NAME = DouYu;
			};
			name = Release;
		};
/* End XCBuildConfiguration section */

/* Begin XCConfigurationList section */
		5FBF1F322060B1B400311155 /* Build configuration list for PBXProject "DouYu" */ = {
			isa = XCConfigurationList;
			buildConfigurations = (
				5FBF1F5D2060B1B400311155 /* Debug */,
				5FBF1F5E2060B1B400311155 /* Release */,
			);
			defaultConfigurationIsVisible = 0;
			defaultConfigurationName = Release;
		};
		5FBF1F5F2060B1B400311155 /* Build configuration list for PBXNativeTarget "DouYu" */ = {
			isa = XCConfigurationList;
			buildConfigurations = (
				5FBF1F602060B1B400311155 /* Debug */,
				5FBF1F612060B1B400311155 /* Release */,
			);
			defaultConfigurationIsVisible = 0;
			defaultConfigurationName = Release;
		};
		5FBF1F622060B1B400311155 /* Build configuration list for PBXNativeTarget "DouYuTests" */ = {
			isa = XCConfigurationList;
			buildConfigurations = (
				5FBF1F632060B1B400311155 /* Debug */,
				5FBF1F642060B1B400311155 /* Release */,
			);
			defaultConfigurationIsVisible = 0;
			defaultConfigurationName = Release;
		};
		5FBF1F652060B1B400311155 /* Build configuration list for PBXNativeTarget "DouYuUITests" */ = {
			isa = XCConfigurationList;
			buildConfigurations = (
				5FBF1F662060B1B400311155 /* Debug */,
				5FBF1F672060B1B400311155 /* Release */,
			);
			defaultConfigurationIsVisible = 0;
			defaultConfigurationName = Release;
		};
/* End XCConfigurationList section */
	};
	rootObject = 5FBF1F2F2060B1B400311155 /* Project object */;
}
