// !$*UTF8*$!
{
	archiveVersion = 1;
	classes = {
	};
	objectVersion = 48;
	objects = {

/* Begin PBXBuildFile section */
		5FBF1F3B2060B1B400311155 /* AppDelegate.swift in Sources */ = {isa = PBXBuildFile; fileRef = 5FBF1F3A2060B1B400311155 /* AppDelegate.swift */; };
		5FBF1F3D2060B1B400311155 /* ViewController.swift in Sources */ = {isa = PBXBuildFile; fileRef = 5FBF1F3C2060B1B400311155 /* ViewController.swift */; };
		5FBF1F402060B1B400311155 /* Main.storyboard in Resources */ = {isa = PBXBuildFile; fileRef = 5FBF1F3E2060B1B400311155 /* Main.storyboard */; };
		5FBF1F422060B1B400311155 /* Assets.xcassets in Resources */ = {isa = PBXBuildFile; fileRef = 5FBF1F412060B1B400311155 /* Assets.xcassets */; };
		5FBF1F452060B1B400311155 /* LaunchScreen.storyboard in Resources */ = {isa = PBXBuildFile; fileRef = 5FBF1F432060B1B400311155 /* LaunchScreen.storyboard */; };
		5FBF1F502060B1B400311155 /* DouYuTests.swift in Sources */ = {isa = PBXBuildFile; fileRef = 5FBF1F4F2060B1B400311155 /* DouYuTests.swift */; };
		5FBF1F5B2060B1B400311155 /* DouYuUITests.swift in Sources */ = {isa = PBXBuildFile; fileRef = 5FBF1F5A2060B1B400311155 /* DouYuUITests.swift */; };
/* End PBXBuildFile section */

/* Begin PBXContainerItemProxy section */
		5FBF1F4C2060B1B400311155 /* PBXContainerItemProxy */ = {
			isa = PBXContainerItemProxy;
			containerPortal = 5FBF1F2F2060B1B400311155 /* Project object */;
			proxyType = 1;
			remoteGlobalIDString = 5FBF1F362060B1B400311155;
			remoteInfo = DouYu;
		};
		5FBF1F572060B1B400311155 /* PBXContainerItemProxy */ = {
			isa = PBXContainerItemProxy;
			containerPortal = 5FBF1F2F2060B1B400311155 /* Project object */;
			proxyType = 1;
			remoteGlobalIDString = 5FBF1F362060B1B400311155;
			remoteInfo = DouYu;
		};
/* End PBXContainerItemProxy section */

/* Begin PBXFileReference section */
		5FBF1F372060B1B400311155 /* DouYu.app */ = {isa = PBXFileReference; explicitFileType = wrapper.application; includeInIndex = 0; path = DouYu.app; sourceTree = BUILT_PRODUCTS_DIR; };
		5FBF1F3A2060B1B400311155 /* AppDelegate.swift */ = {isa = PBXFileReference; lastKnownFileType = sourcecode.swift; path = AppDelegate.swift; sourceTree = "<group>"; };
		5FBF1F3C2060B1B400311155 /* ViewController.swift */ = {isa = PBXFileReference; lastKnownFileType = sourcecode.swift; path = ViewController.swift; sourceTree = "<group>"; };
		5FBF1F3F2060B1B400311155 /* Base */ = {isa = PBXFileReference; lastKnownFileType = file.storyboard; name = Base; path = Base.lproj/Main.storyboard; sourceTree = "<group>"; };
		5FBF1F412060B1B400311155 /* Assets.xcassets */ = {isa = PBXFileReference; lastKnownFileType = folder.assetcatalog; path = Assets.xcassets; sourceTree = "<group>"; };
		5FBF1F442060B1B400311155 /* Base */ = {isa = PBXFileReference; lastKnownFileType = file.storyboard; name = Base; path = Base.lproj/LaunchScreen.storyboard; sourceTree = "<group>"; };
		5FBF1F462060B1B400311155 /* Info.plist */ = {isa = PBXFileReference; lastKnownFileType = text.plist.xml; path = Info.plist; sourceTree = "<group>"; };
		5FBF1F4B2060B1B400311155 /* DouYuTests.xctest */ = {isa = PBXFileReference; explicitFileType = wrapper.cfbundle; includeInIndex = 0; path = DouYuTests.xctest; sourceTree = BUILT_PRODUCTS_DIR; };
		5FBF1F4F2060B1B400311155 /* DouYuTests.swift */ = {isa = PBXFileReference; lastKnownFileType = sourcecode.swift; path = DouYuTests.swift; sourceTree = "<group>"; };
		5FBF1F512060B1B400311155 /* Info.plist */ = {isa = PBXFileReference; lastKnownFileType = text.plist.xml; path = Info.plist; sourceTree = "<group>"; };
		5FBF1F562060B1B400311155 /* DouYuUITests.xctest */ = {isa = PBXFileReference; explicitFileType = wrapper.cfbundle; includeInIndex = 0; path = DouYuUITests.xctest; sourceTree = BUILT_PRODUCTS_DIR; };
		5FBF1F5A2060B1B400311155 /* DouYuUITests.swift */ = {isa = PBXFileReference; lastKnownFileType = sourcecode.swift; path = DouYuUITests.swift; sourceTree = "<group>"; };
		5FBF1F5C2060B1B400311155 /* Info.plist */ = {isa = PBXFileReference; lastKnownFileType = text.plist.xml; path = Info.plist; sourceTree = "<group>"; };
/* End PBXFileReference section */

/* Begin PBXFrameworksBuildPhase section */
		5FBF1F342060B1B400311155 /* Frameworks */ = {
			isa = PBXFrameworksBuildPhase;
			buildActionMask = 2147483647;
			files = (
			);
			runOnlyForDeploymentPostprocessing = 0;
		};
		5FBF1F482060B1B400311155 /* Frameworks */ = {
			isa = PBXFrameworksBuildPhase;
			buildActionMask = 2147483647;
			files = (
			);
			runOnlyForDeploymentPostprocessing = 0;
		};
		5FBF1F532060B1B400311155 /* Frameworks */ = {
			isa = PBXFrameworksBuildPhase;
			buildActionMask = 2147483647;
			files = (
			);
			runOnlyForDeploymentPostprocessing = 0;
		};
/* End PBXFrameworksBuildPhase section */

/* Begin PBXGroup section */
		5FBF1F2E2060B1B400311155 = {
			isa = PBXGroup;
			children = (
				5FBF1F392060B1B400311155 /* DouYu */,
				5FBF1F4E2060B1B400311155 /* DouYuTests */,
				5FBF1F592060B1B400311155 /* DouYuUITests */,
				5FBF1F382060B1B400311155 /* Products */,
			);
			sourceTree = "<group>";
		};
		5FBF1F382060B1B400311155 /* Products */ = {
			isa = PBXGroup;
			children = (
				5FBF1F372060B1B400311155 /* DouYu.app */,
				5FBF1F4B2060B1B400311155 /* DouYuTests.xctest */,
				5FBF1F562060B1B400311155 /* DouYuUITests.xctest */,
			);
			name = Products;
			sourceTree = "<group>";
		};
		5FBF1F392060B1B400311155 /* DouYu */ = {
			isa = PBXGroup;
			children = (
				5FBF1F3A2060B1B400311155 /* AppDelegate.swift */,
				5FBF1F3C2060B1B400311155 /* ViewController.swift */,
				5FBF1F3E2060B1B400311155 /* Main.storyboard */,
				5FBF1F412060B1B400311155 /* Assets.xcassets */,
				5FBF1F432060B1B400311155 /* LaunchScreen.storyboard */,
				5FBF1F462060B1B400311155 /* Info.plist */,
			);
			path = DouYu;
			sourceTree = "<group>";
		};
		5FBF1F4E2060B1B400311155 /* DouYuTests */ = {
			isa = PBXGroup;
			children = (
				5FBF1F4F2060B1B400311155 /* DouYuTests.swift */,
				5FBF1F512060B1B400311155 /* Info.plist */,
			);
			path = DouYuTests;
			sourceTree = "<group>";
		};
		5FBF1F592060B1B400311155 /* DouYuUITests */ = {
			isa = PBXGroup;
			children = (
				5FBF1F5A2060B1B400311155 /* DouYuUITests.swift */,
				5FBF1F5C2060B1B400311155 /* Info.plist */,
			);
			path = DouYuUITests;
			sourceTree = "<group>";
		};
/* End PBXGroup section */

/* Begin PBXNativeTarget section */
		5FBF1F362060B1B400311155 /* DouYu */ = {
			isa = PBXNativeTarget;
			buildConfigurationList = 5FBF1F5F2060B1B400311155 /* Build configuration list for PBXNativeTarget "DouYu" */;
			buildPhases = (
				5FBF1F332060B1B400311155 /* Sources */,
				5FBF1F342060B1B400311155 /* Frameworks */,
				5FBF1F352060B1B400311155 /* Resources */,
			);
			buildRules = (
			);
			dependencies = (
			);
			name = DouYu;
			productName = DouYu;
			productReference = 5FBF1F372060B1B400311155 /* DouYu.app */;
			productType = "com.apple.product-type.application";
		};
		5FBF1F4A2060B1B400311155 /* DouYuTests */ = {
			isa = PBXNativeTarget;
			buildConfigurationList = 5FBF1F622060B1B400311155 /* Build configuration list for PBXNativeTarget "DouYuTests" */;
			buildPhases = (
				5FBF1F472060B1B400311155 /* Sources */,
				5FBF1F482060B1B400311155 /* Frameworks */,
				5FBF1F492060B1B400311155 /* Resources */,
			);
			buildRules = (
			);
			dependencies = (
				5FBF1F4D2060B1B400311155 /* PBXTargetDependency */,
			);
			name = DouYuTests;
			productName = DouYuTests;
			productReference = 5FBF1F4B2060B1B400311155 /* DouYuTests.xctest */;
			productType = "com.apple.product-type.bundle.unit-test";
		};
		5FBF1F552060B1B400311155 /* DouYuUITests */ = {
			isa = PBXNativeTarget;
			buildConfigurationList = 5FBF1F652060B1B400311155 /* Build configuration list for PBXNativeTarget "DouYuUITests" */;
			buildPhases = (
				5FBF1F522060B1B400311155 /* Sources */,
				5FBF1F532060B1B400311155 /* Frameworks */,
				5FBF1F542060B1B400311155 /* Resources */,
			);
			buildRules = (
			);
			dependencies = (
				5FBF1F582060B1B400311155 /* PBXTargetDependency */,
			);
			name = DouYuUITests;
			productName = DouYuUITests;
			productReference = 5FBF1F562060B1B400311155 /* DouYuUITests.xctest */;
			productType = "com.apple.product-type.bundle.ui-testing";
		};
/* End PBXNativeTarget section */

/* Begin PBXProject section */
		5FBF1F2F2060B1B400311155 /* Project object */ = {
			isa = PBXProject;
			attributes = {
				LastSwiftUpdateCheck = 0920;
				LastUpgradeCheck = 0920;
				ORGANIZATIONNAME = "黄忠汉(外包)";
				TargetAttributes = {
					5FBF1F362060B1B400311155 = {
						CreatedOnToolsVersion = 9.2;
						ProvisioningStyle = Automatic;
					};
					5FBF1F4A2060B1B400311155 = {
						CreatedOnToolsVersion = 9.2;
						ProvisioningStyle = Automatic;
						TestTargetID = 5FBF1F362060B1B400311155;
					};
					5FBF1F552060B1B400311155 = {
						CreatedOnToolsVersion = 9.2;
						ProvisioningStyle = Automatic;
						TestTargetID = 5FBF1F362060B1B400311155;
					};
				};
			};
			buildConfigurationList = 5FBF1F322060B1B400311155 /* Build configuration list for PBXProject "DouYu" */;
			compatibilityVersion = "Xcode 8.0";
			developmentRegion = en;
			hasScannedForEncodings = 0;
			knownRegions = (
				en,
				Base,
			);
			mainGroup = 5FBF1F2E2060B1B400311155;
			productRefGroup = 5FBF1F382060B1B400311155 /* Products */;
			projectDirPath = "";
			projectRoot = "";
			targets = (
				5FBF1F362060B1B400311155 /* DouYu */,
				5FBF1F4A2060B1B400311155 /* DouYuTests */,
				5FBF1F552060B1B400311155 /* DouYuUITests */,
			);
		};
/* End PBXProject section */

/* Begin PBXResourcesBuildPhase section */
		5FBF1F352060B1B400311155 /* Resources */ = {
			isa = PBXResourcesBuildPhase;
			buildActionMask = 2147483647;
			files = (
				5FBF1F452060B1B400311155 /* LaunchScreen.storyboard in Resources */,
				5FBF1F422060B1B400311155 /* Assets.xcassets in Resources */,
				5FBF1F402060B1B400311155 /* Main.storyboard in Resources */,
			);
			runOnlyForDeploymentPostprocessing = 0;
		};
		5FBF1F492060B1B400311155 /* Resources */ = {
			isa = PBXResourcesBuildPhase;
			buildActionMask = 2147483647;
			files = (
			);
			runOnlyForDeploymentPostprocessing = 0;
		};
		5FBF1F542060B1B400311155 /* Resources */ = {
			isa = PBXResourcesBuildPhase;
			buildActionMask = 2147483647;
			files = (
			);
			runOnlyForDeploymentPostprocessing = 0;
		};
/* End PBXResourcesBuildPhase section */

/* Begin PBXSourcesBuildPhase section */
		5FBF1F332060B1B400311155 /* Sources */ = {
			isa = PBXSourcesBuildPhase;
			buildActionMask = 2147483647;
			files = (
				5FBF1F3D2060B1B400311155 /* ViewController.swift in Sources */,
				5FBF1F3B2060B1B400311155 /* AppDelegate.swift in Sources */,
			);
			runOnlyForDeploymentPostprocessing = 0;
		};
		5FBF1F472060B1B400311155 /* Sources */ = {
			isa = PBXSourcesBuildPhase;
			buildActionMask = 2147483647;
			files = (
				5FBF1F502060B1B400311155 /* DouYuTests.swift in Sources */,
			);
			runOnlyForDeploymentPostprocessing = 0;
		};
		5FBF1F522060B1B400311155 /* Sources */ = {
			isa = PBXSourcesBuildPhase;
			buildActionMask = 2147483647;
			files = (
				5FBF1F5B2060B1B400311155 /* DouYuUITests.swift in Sources */,
			);
			runOnlyForDeploymentPostprocessing = 0;
		};
/* End PBXSourcesBuildPhase section */

/* Begin PBXTargetDependency section */
		5FBF1F4D2060B1B400311155 /* PBXTargetDependency */ = {
			isa = PBXTargetDependency;
			target = 5FBF1F362060B1B400311155 /* DouYu */;
			targetProxy = 5FBF1F4C2060B1B400311155 /* PBXContainerItemProxy */;
		};
		5FBF1F582060B1B400311155 /* PBXTargetDependency */ = {
			isa = PBXTargetDependency;
			target = 5FBF1F362060B1B400311155 /* DouYu */;
			targetProxy = 5FBF1F572060B1B400311155 /* PBXContainerItemProxy */;
		};
/* End PBXTargetDependency section */

/* Begin PBXVariantGroup section */
		5FBF1F3E2060B1B400311155 /* Main.storyboard */ = {
			isa = PBXVariantGroup;
			children = (
				5FBF1F3F2060B1B400311155 /* Base */,
			);
			name = Main.storyboard;
			sourceTree = "<group>";
		};
		5FBF1F432060B1B400311155 /* LaunchScreen.storyboard */ = {
			isa = PBXVariantGroup;
			children = (
				5FBF1F442060B1B400311155 /* Base */,
			);
			name = LaunchScreen.storyboard;
			sourceTree = "<group>";
		};
/* End PBXVariantGroup section */

/* Begin XCBuildConfiguration section */
		5FBF1F5D2060B1B400311155 /* Debug */ = {
			isa = XCBuildConfiguration;
			buildSettings = {
				ALWAYS_SEARCH_USER_PATHS = NO;
				CLANG_ANALYZER_NONNULL = YES;
				CLANG_ANALYZER_NUMBER_OBJECT_CONVERSION = YES_AGGRESSIVE;
				CLANG_CXX_LANGUAGE_STANDARD = "gnu++14";
				CLANG_CXX_LIBRARY = "libc++";
				CLANG_ENABLE_MODULES = YES;
				CLANG_ENABLE_OBJC_ARC = YES;
				CLANG_WARN_BLOCK_CAPTURE_AUTORELEASING = YES;
				CLANG_WARN_BOOL_CONVERSION = YES;
				CLANG_WARN_COMMA = YES;
				CLANG_WARN_CONSTANT_CONVERSION = YES;
				CLANG_WARN_DIRECT_OBJC_ISA_USAGE = YES_ERROR;
				CLANG_WARN_DOCUMENTATION_COMMENTS = YES;
				CLANG_WARN_EMPTY_BODY = YES;
				CLANG_WARN_ENUM_CONVERSION = YES;
				CLANG_WARN_INFINITE_RECURSION = YES;
				CLANG_WARN_INT_CONVERSION = YES;
				CLANG_WARN_NON_LITERAL_NULL_CONVERSION = YES;
				CLANG_WARN_OBJC_LITERAL_CONVERSION = YES;
				CLANG_WARN_OBJC_ROOT_CLASS = YES_ERROR;
				CLANG_WARN_RANGE_LOOP_ANALYSIS = YES;
				CLANG_WARN_STRICT_PROTOTYPES = YES;
				CLANG_WARN_SUSPICIOUS_MOVE = YES;
				CLANG_WARN_UNGUARDED_AVAILABILITY = YES_AGGRESSIVE;
				CLANG_WARN_UNREACHABLE_CODE = YES;
				CLANG_WARN__DUPLICATE_METHOD_MATCH = YES;
				CODE_SIGN_IDENTITY = "iPhone Developer";
				COPY_PHASE_STRIP = NO;
				DEBUG_INFORMATION_FORMAT = dwarf;
				ENABLE_STRICT_OBJC_MSGSEND = YES;
				ENABLE_TESTABILITY = YES;
				GCC_C_LANGUAGE_STANDARD = gnu11;
				GCC_DYNAMIC_NO_PIC = NO;
				GCC_NO_COMMON_BLOCKS = YES;
				GCC_OPTIMIZATION_LEVEL = 0;
				GCC_PREPROCESSOR_DEFINITIONS = (
					"DEBUG=1",
					"$(inherited)",
				);
				GCC_WARN_64_TO_32_BIT_CONVERSION = YES;
				GCC_WARN_ABOUT_RETURN_TYPE = YES_ERROR;
				GCC_WARN_UNDECLARED_SELECTOR = YES;
				GCC_WARN_UNINITIALIZED_AUTOS = YES_AGGRESSIVE;
				GCC_WARN_UNUSED_FUNCTION = YES;
				GCC_WARN_UNUSED_VARIABLE = YES;
				IPHONEOS_DEPLOYMENT_TARGET = 11.2;
				MTL_ENABLE_DEBUG_INFO = YES;
				ONLY_ACTIVE_ARCH = YES;
				SDKROOT = iphoneos;
				SWIFT_ACTIVE_COMPILATION_CONDITIONS = DEBUG;
				SWIFT_OPTIMIZATION_LEVEL = "-Onone";
			};
			name = Debug;
		};
		5FBF1F5E2060B1B400311155 /* Release */ = {
			isa = XCBuildConfiguration;
			buildSettings = {
				ALWAYS_SEARCH_USER_PATHS = NO;
				CLANG_ANALYZER_NONNULL = YES;
				CLANG_ANALYZER_NUMBER_OBJECT_CONVERSION = YES_AGGRESSIVE;
				CLANG_CXX_LANGUAGE_STANDARD = "gnu++14";
				CLANG_CXX_LIBRARY = "libc++";
				CLANG_ENABLE_MODULES = YES;
				CLANG_ENABLE_OBJC_ARC = YES;
				CLANG_WARN_BLOCK_CAPTURE_AUTORELEASING = YES;
				CLANG_WARN_BOOL_CONVERSION = YES;
				CLANG_WARN_COMMA = YES;
				CLANG_WARN_CONSTANT_CONVERSION = YES;
				CLANG_WARN_DIRECT_OBJC_ISA_USAGE = YES_ERROR;
				CLANG_WARN_DOCUMENTATION_COMMENTS = YES;
				CLANG_WARN_EMPTY_BODY = YES;
				CLANG_WARN_ENUM_CONVERSION = YES;
				CLANG_WARN_INFINITE_RECURSION = YES;
				CLANG_WARN_INT_CONVERSION = YES;
				CLANG_WARN_NON_LITERAL_NULL_CONVERSION = YES;
				CLANG_WARN_OBJC_LITERAL_CONVERSION = YES;
				CLANG_WARN_OBJC_ROOT_CLASS = YES_ERROR;
				CLANG_WARN_RANGE_LOOP_ANALYSIS = YES;
				CLANG_WARN_STRICT_PROTOTYPES = YES;
				CLANG_WARN_SUSPICIOUS_MOVE = YES;
				CLANG_WARN_UNGUARDED_AVAILABILITY = YES_AGGRESSIVE;
				CLANG_WARN_UNREACHABLE_CODE = YES;
				CLANG_WARN__DUPLICATE_METHOD_MATCH = YES;
				CODE_SIGN_IDENTITY = "iPhone Developer";
				COPY_PHASE_STRIP = NO;
				DEBUG_INFORMATION_FORMAT = "dwarf-with-dsym";
				ENABLE_NS_ASSERTIONS = NO;
				ENABLE_STRICT_OBJC_MSGSEND = YES;
				GCC_C_LANGUAGE_STANDARD = gnu11;
				GCC_NO_COMMON_BLOCKS = YES;
				GCC_WARN_64_TO_32_BIT_CONVERSION = YES;
				GCC_WARN_ABOUT_RETURN_TYPE = YES_ERROR;
				GCC_WARN_UNDECLARED_SELECTOR = YES;
				GCC_WARN_UNINITIALIZED_AUTOS = YES_AGGRESSIVE;
				GCC_WARN_UNUSED_FUNCTION = YES;
				GCC_WARN_UNUSED_VARIABLE = YES;
				IPHONEOS_DEPLOYMENT_TARGET = 11.2;
				MTL_ENABLE_DEBUG_INFO = NO;
				SDKROOT = iphoneos;
				SWIFT_OPTIMIZATION_LEVEL = "-Owholemodule";
				VALIDATE_PRODUCT = YES;
			};
			name = Release;
		};
		5FBF1F602060B1B400311155 /* Debug */ = {
			isa = XCBuildConfiguration;
			buildSettings = {
				ASSETCATALOG_COMPILER_APPICON_NAME = AppIcon;
				ASSETCATALOG_COMPILER_LAUNCHIMAGE_NAME = LaunchImage;
				CODE_SIGN_STYLE = Automatic;
				INFOPLIST_FILE = DouYu/Info.plist;
				IPHONEOS_DEPLOYMENT_TARGET = 9.0;
				LD_RUNPATH_SEARCH_PATHS = "$(inherited) @executable_path/Frameworks";
				PRODUCT_BUNDLE_IDENTIFIER = hzh.DouYu;
				PRODUCT_NAME = "$(TARGET_NAME)";
				SWIFT_VERSION = 4.0;
				TARGETED_DEVICE_FAMILY = 1;
			};
			name = Debug;
		};
		5FBF1F612060B1B400311155 /* Release */ = {
			isa = XCBuildConfiguration;
			buildSettings = {
				ASSETCATALOG_COMPILER_APPICON_NAME = AppIcon;
				ASSETCATALOG_COMPILER_LAUNCHIMAGE_NAME = LaunchImage;
				CODE_SIGN_STYLE = Automatic;
				INFOPLIST_FILE = DouYu/Info.plist;
				IPHONEOS_DEPLOYMENT_TARGET = 9.0;
				LD_RUNPATH_SEARCH_PATHS = "$(inherited) @executable_path/Frameworks";
				PRODUCT_BUNDLE_IDENTIFIER = hzh.DouYu;
				PRODUCT_NAME = "$(TARGET_NAME)";
				SWIFT_VERSION = 4.0;
				TARGETED_DEVICE_FAMILY = 1;
			};
			name = Release;
		};
		5FBF1F632060B1B400311155 /* Debug */ = {
			isa = XCBuildConfiguration;
			buildSettings = {
				ALWAYS_EMBED_SWIFT_STANDARD_LIBRARIES = YES;
				BUNDLE_LOADER = "$(TEST_HOST)";
				CODE_SIGN_STYLE = Automatic;
				INFOPLIST_FILE = DouYuTests/Info.plist;
				LD_RUNPATH_SEARCH_PATHS = "$(inherited) @executable_path/Frameworks @loader_path/Frameworks";
				PRODUCT_BUNDLE_IDENTIFIER = hzh.DouYuTests;
				PRODUCT_NAME = "$(TARGET_NAME)";
				SWIFT_VERSION = 4.0;
				TARGETED_DEVICE_FAMILY = "1,2";
				TEST_HOST = "$(BUILT_PRODUCTS_DIR)/DouYu.app/DouYu";
			};
			name = Debug;
		};
		5FBF1F642060B1B400311155 /* Release */ = {
			isa = XCBuildConfiguration;
			buildSettings = {
				ALWAYS_EMBED_SWIFT_STANDARD_LIBRARIES = YES;
				BUNDLE_LOADER = "$(TEST_HOST)";
				CODE_SIGN_STYLE = Automatic;
				INFOPLIST_FILE = DouYuTests/Info.plist;
				LD_RUNPATH_SEARCH_PATHS = "$(inherited) @executable_path/Frameworks @loader_path/Frameworks";
				PRODUCT_BUNDLE_IDENTIFIER = hzh.DouYuTests;
				PRODUCT_NAME = "$(TARGET_NAME)";
				SWIFT_VERSION = 4.0;
				TARGETED_DEVICE_FAMILY = "1,2";
				TEST_HOST = "$(BUILT_PRODUCTS_DIR)/DouYu.app/DouYu";
			};
			name = Release;
		};
		5FBF1F662060B1B400311155 /* Debug */ = {
			isa = XCBuildConfiguration;
			buildSettings = {
				ALWAYS_EMBED_SWIFT_STANDARD_LIBRARIES = YES;
				CODE_SIGN_STYLE = Automatic;
				INFOPLIST_FILE = DouYuUITests/Info.plist;
				LD_RUNPATH_SEARCH_PATHS = "$(inherited) @executable_path/Frameworks @loader_path/Frameworks";
				PRODUCT_BUNDLE_IDENTIFIER = hzh.DouYuUITests;
				PRODUCT_NAME = "$(TARGET_NAME)";
				SWIFT_VERSION = 4.0;
				TARGETED_DEVICE_FAMILY = "1,2";
				TEST_TARGET_NAME = DouYu;
			};
			name = Debug;
		};
		5FBF1F672060B1B400311155 /* Release */ = {
			isa = XCBuildConfiguration;
			buildSettings = {
				ALWAYS_EMBED_SWIFT_STANDARD_LIBRARIES = YES;
				CODE_SIGN_STYLE = Automatic;
				INFOPLIST_FILE = DouYuUITests/Info.plist;
				LD_RUNPATH_SEARCH_PATHS = "$(inherited) @executable_path/Frameworks @loader_path/Frameworks";
				PRODUCT_BUNDLE_IDENTIFIER = hzh.DouYuUITests;
				PRODUCT_NAME = "$(TARGET_NAME)";
				SWIFT_VERSION = 4.0;
				TARGETED_DEVICE_FAMILY = "1,2";
				TEST_TARGET_NAME = DouYu;
			};
			name = Release;
		};
/* End XCBuildConfiguration section */

/* Begin XCConfigurationList section */
		5FBF1F322060B1B400311155 /* Build configuration list for PBXProject "DouYu" */ = {
			isa = XCConfigurationList;
			buildConfigurations = (
				5FBF1F5D2060B1B400311155 /* Debug */,
				5FBF1F5E2060B1B400311155 /* Release */,
			);
			defaultConfigurationIsVisible = 0;
			defaultConfigurationName = Release;
		};
		5FBF1F5F2060B1B400311155 /* Build configuration list for PBXNativeTarget "DouYu" */ = {
			isa = XCConfigurationList;
			buildConfigurations = (
				5FBF1F602060B1B400311155 /* Debug */,
				5FBF1F612060B1B400311155 /* Release */,
			);
			defaultConfigurationIsVisible = 0;
			defaultConfigurationName = Release;
		};
		5FBF1F622060B1B400311155 /* Build configuration list for PBXNativeTarget "DouYuTests" */ = {
			isa = XCConfigurationList;
			buildConfigurations = (
				5FBF1F632060B1B400311155 /* Debug */,
				5FBF1F642060B1B400311155 /* Release */,
			);
			defaultConfigurationIsVisible = 0;
			defaultConfigurationName = Release;
		};
		5FBF1F652060B1B400311155 /* Build configuration list for PBXNativeTarget "DouYuUITests" */ = {
			isa = XCConfigurationList;
			buildConfigurations = (
				5FBF1F662060B1B400311155 /* Debug */,
				5FBF1F672060B1B400311155 /* Release */,
			);
			defaultConfigurationIsVisible = 0;
			defaultConfigurationName = Release;
		};
/* End XCConfigurationList section */
	};
	rootObject = 5FBF1F2F2060B1B400311155 /* Project object */;
}
